// !$*UTF8*$!
{
	archiveVersion = 1;
	classes = {
	};
	objectVersion = 50;
	objects = {

/* Begin PBXBuildFile section */
		4B09B17826D062EB00A677FD /* AppDelegate.swift in Sources */ = {isa = PBXBuildFile; fileRef = 4B09B17726D062EB00A677FD /* AppDelegate.swift */; };
		4B09B17A26D062EB00A677FD /* SceneDelegate.swift in Sources */ = {isa = PBXBuildFile; fileRef = 4B09B17926D062EB00A677FD /* SceneDelegate.swift */; };
		4B09B17C26D062EB00A677FD /* ContentView.swift in Sources */ = {isa = PBXBuildFile; fileRef = 4B09B17B26D062EB00A677FD /* ContentView.swift */; };
		4B09B17F26D062EB00A677FD /* MoneyTracker.xcdatamodeld in Sources */ = {isa = PBXBuildFile; fileRef = 4B09B17D26D062EB00A677FD /* MoneyTracker.xcdatamodeld */; };
		4B09B18126D062ED00A677FD /* Assets.xcassets in Resources */ = {isa = PBXBuildFile; fileRef = 4B09B18026D062ED00A677FD /* Assets.xcassets */; };
		4B09B18426D062ED00A677FD /* Preview Assets.xcassets in Resources */ = {isa = PBXBuildFile; fileRef = 4B09B18326D062ED00A677FD /* Preview Assets.xcassets */; };
		4B09B18726D062ED00A677FD /* LaunchScreen.storyboard in Resources */ = {isa = PBXBuildFile; fileRef = 4B09B18526D062ED00A677FD /* LaunchScreen.storyboard */; };
		4B09B19226D062ED00A677FD /* MoneyTrackerTests.swift in Sources */ = {isa = PBXBuildFile; fileRef = 4B09B19126D062ED00A677FD /* MoneyTrackerTests.swift */; };
		4B09B19D26D062ED00A677FD /* MoneyTrackerUITests.swift in Sources */ = {isa = PBXBuildFile; fileRef = 4B09B19C26D062ED00A677FD /* MoneyTrackerUITests.swift */; };
		4B09B1AC26D08A8400A677FD /* MainView.swift in Sources */ = {isa = PBXBuildFile; fileRef = 4B09B1AB26D08A8400A677FD /* MainView.swift */; };
		4B6720842A7460340078EBA2 /* SwiftUIView.swift in Sources */ = {isa = PBXBuildFile; fileRef = 4B6720832A7460340078EBA2 /* SwiftUIView.swift */; };
		4B6720852A7460340078EBA2 /* SwiftUIView.swift in Sources */ = {isa = PBXBuildFile; fileRef = 4B6720832A7460340078EBA2 /* SwiftUIView.swift */; };
		4B6720862A7460340078EBA2 /* SwiftUIView.swift in Sources */ = {isa = PBXBuildFile; fileRef = 4B6720832A7460340078EBA2 /* SwiftUIView.swift */; };
/* End PBXBuildFile section */

/* Begin PBXContainerItemProxy section */
		4B09B18E26D062ED00A677FD /* PBXContainerItemProxy */ = {
			isa = PBXContainerItemProxy;
			containerPortal = 4B09B16C26D062EB00A677FD /* Project object */;
			proxyType = 1;
			remoteGlobalIDString = 4B09B17326D062EB00A677FD;
			remoteInfo = MoneyTracker;
		};
		4B09B19926D062ED00A677FD /* PBXContainerItemProxy */ = {
			isa = PBXContainerItemProxy;
			containerPortal = 4B09B16C26D062EB00A677FD /* Project object */;
			proxyType = 1;
			remoteGlobalIDString = 4B09B17326D062EB00A677FD;
			remoteInfo = MoneyTracker;
		};
/* End PBXContainerItemProxy section */

/* Begin PBXFileReference section */
		4B09B17426D062EB00A677FD /* MoneyTracker.app */ = {isa = PBXFileReference; explicitFileType = wrapper.application; includeInIndex = 0; path = MoneyTracker.app; sourceTree = BUILT_PRODUCTS_DIR; };
		4B09B17726D062EB00A677FD /* AppDelegate.swift */ = {isa = PBXFileReference; lastKnownFileType = sourcecode.swift; path = AppDelegate.swift; sourceTree = "<group>"; };
		4B09B17926D062EB00A677FD /* SceneDelegate.swift */ = {isa = PBXFileReference; lastKnownFileType = sourcecode.swift; path = SceneDelegate.swift; sourceTree = "<group>"; };
		4B09B17B26D062EB00A677FD /* ContentView.swift */ = {isa = PBXFileReference; lastKnownFileType = sourcecode.swift; path = ContentView.swift; sourceTree = "<group>"; };
		4B09B17E26D062EB00A677FD /* MoneyTracker.xcdatamodel */ = {isa = PBXFileReference; lastKnownFileType = wrapper.xcdatamodel; path = MoneyTracker.xcdatamodel; sourceTree = "<group>"; };
		4B09B18026D062ED00A677FD /* Assets.xcassets */ = {isa = PBXFileReference; lastKnownFileType = folder.assetcatalog; path = Assets.xcassets; sourceTree = "<group>"; };
		4B09B18326D062ED00A677FD /* Preview Assets.xcassets */ = {isa = PBXFileReference; lastKnownFileType = folder.assetcatalog; path = "Preview Assets.xcassets"; sourceTree = "<group>"; };
		4B09B18626D062ED00A677FD /* Base */ = {isa = PBXFileReference; lastKnownFileType = file.storyboard; name = Base; path = Base.lproj/LaunchScreen.storyboard; sourceTree = "<group>"; };
		4B09B18826D062ED00A677FD /* Info.plist */ = {isa = PBXFileReference; lastKnownFileType = text.plist.xml; path = Info.plist; sourceTree = "<group>"; };
		4B09B18D26D062ED00A677FD /* MoneyTrackerTests.xctest */ = {isa = PBXFileReference; explicitFileType = wrapper.cfbundle; includeInIndex = 0; path = MoneyTrackerTests.xctest; sourceTree = BUILT_PRODUCTS_DIR; };
		4B09B19126D062ED00A677FD /* MoneyTrackerTests.swift */ = {isa = PBXFileReference; lastKnownFileType = sourcecode.swift; path = MoneyTrackerTests.swift; sourceTree = "<group>"; };
		4B09B19326D062ED00A677FD /* Info.plist */ = {isa = PBXFileReference; lastKnownFileType = text.plist.xml; path = Info.plist; sourceTree = "<group>"; };
		4B09B19826D062ED00A677FD /* MoneyTrackerUITests.xctest */ = {isa = PBXFileReference; explicitFileType = wrapper.cfbundle; includeInIndex = 0; path = MoneyTrackerUITests.xctest; sourceTree = BUILT_PRODUCTS_DIR; };
		4B09B19C26D062ED00A677FD /* MoneyTrackerUITests.swift */ = {isa = PBXFileReference; lastKnownFileType = sourcecode.swift; path = MoneyTrackerUITests.swift; sourceTree = "<group>"; };
		4B09B19E26D062ED00A677FD /* Info.plist */ = {isa = PBXFileReference; lastKnownFileType = text.plist.xml; path = Info.plist; sourceTree = "<group>"; };
		4B09B1AB26D08A8400A677FD /* MainView.swift */ = {isa = PBXFileReference; lastKnownFileType = sourcecode.swift; path = MainView.swift; sourceTree = "<group>"; };
		4B6720832A7460340078EBA2 /* SwiftUIView.swift */ = {isa = PBXFileReference; lastKnownFileType = sourcecode.swift; path = SwiftUIView.swift; sourceTree = "<group>"; };
/* End PBXFileReference section */

/* Begin PBXFrameworksBuildPhase section */
		4B09B17126D062EB00A677FD /* Frameworks */ = {
			isa = PBXFrameworksBuildPhase;
			buildActionMask = 2147483647;
			files = (
			);
			runOnlyForDeploymentPostprocessing = 0;
		};
		4B09B18A26D062ED00A677FD /* Frameworks */ = {
			isa = PBXFrameworksBuildPhase;
			buildActionMask = 2147483647;
			files = (
			);
			runOnlyForDeploymentPostprocessing = 0;
		};
		4B09B19526D062ED00A677FD /* Frameworks */ = {
			isa = PBXFrameworksBuildPhase;
			buildActionMask = 2147483647;
			files = (
			);
			runOnlyForDeploymentPostprocessing = 0;
		};
/* End PBXFrameworksBuildPhase section */

/* Begin PBXGroup section */
		4B09B16B26D062EB00A677FD = {
			isa = PBXGroup;
			children = (
				4B09B17626D062EB00A677FD /* MoneyTracker */,
				4B09B19026D062ED00A677FD /* MoneyTrackerTests */,
				4B09B19B26D062ED00A677FD /* MoneyTrackerUITests */,
				4B09B17526D062EB00A677FD /* Products */,
			);
			sourceTree = "<group>";
		};
		4B09B17526D062EB00A677FD /* Products */ = {
			isa = PBXGroup;
			children = (
				4B09B17426D062EB00A677FD /* MoneyTracker.app */,
				4B09B18D26D062ED00A677FD /* MoneyTrackerTests.xctest */,
				4B09B19826D062ED00A677FD /* MoneyTrackerUITests.xctest */,
			);
			name = Products;
			sourceTree = "<group>";
		};
		4B09B17626D062EB00A677FD /* MoneyTracker */ = {
			isa = PBXGroup;
			children = (
				4B09B1AA26D08A6500A677FD /* Main */,
				4B09B17726D062EB00A677FD /* AppDelegate.swift */,
				4B09B17926D062EB00A677FD /* SceneDelegate.swift */,
				4B09B17B26D062EB00A677FD /* ContentView.swift */,
				4B09B18026D062ED00A677FD /* Assets.xcassets */,
				4B09B18526D062ED00A677FD /* LaunchScreen.storyboard */,
				4B09B18826D062ED00A677FD /* Info.plist */,
				4B09B17D26D062EB00A677FD /* MoneyTracker.xcdatamodeld */,
				4B09B18226D062ED00A677FD /* Preview Content */,
			);
			path = MoneyTracker;
			sourceTree = "<group>";
		};
		4B09B18226D062ED00A677FD /* Preview Content */ = {
			isa = PBXGroup;
			children = (
				4B09B18326D062ED00A677FD /* Preview Assets.xcassets */,
			);
			path = "Preview Content";
			sourceTree = "<group>";
		};
		4B09B19026D062ED00A677FD /* MoneyTrackerTests */ = {
			isa = PBXGroup;
			children = (
				4B09B19126D062ED00A677FD /* MoneyTrackerTests.swift */,
				4B09B19326D062ED00A677FD /* Info.plist */,
			);
			path = MoneyTrackerTests;
			sourceTree = "<group>";
		};
		4B09B19B26D062ED00A677FD /* MoneyTrackerUITests */ = {
			isa = PBXGroup;
			children = (
				4B09B19C26D062ED00A677FD /* MoneyTrackerUITests.swift */,
				4B09B19E26D062ED00A677FD /* Info.plist */,
			);
			path = MoneyTrackerUITests;
			sourceTree = "<group>";
		};
		4B09B1AA26D08A6500A677FD /* Main */ = {
			isa = PBXGroup;
			children = (
				4B6720822A74601C0078EBA2 /* AddCardForm */,
				4B09B1AB26D08A8400A677FD /* MainView.swift */,
			);
			path = Main;
			sourceTree = "<group>";
		};
		4B6720822A74601C0078EBA2 /* AddCardForm */ = {
			isa = PBXGroup;
			children = (
				4B6720832A7460340078EBA2 /* SwiftUIView.swift */,
			);
			path = AddCardForm;
			sourceTree = "<group>";
		};
/* End PBXGroup section */

/* Begin PBXNativeTarget section */
		4B09B17326D062EB00A677FD /* MoneyTracker */ = {
			isa = PBXNativeTarget;
			buildConfigurationList = 4B09B1A126D062ED00A677FD /* Build configuration list for PBXNativeTarget "MoneyTracker" */;
			buildPhases = (
				4B09B17026D062EB00A677FD /* Sources */,
				4B09B17126D062EB00A677FD /* Frameworks */,
				4B09B17226D062EB00A677FD /* Resources */,
			);
			buildRules = (
			);
			dependencies = (
			);
			name = MoneyTracker;
			productName = MoneyTracker;
			productReference = 4B09B17426D062EB00A677FD /* MoneyTracker.app */;
			productType = "com.apple.product-type.application";
		};
		4B09B18C26D062ED00A677FD /* MoneyTrackerTests */ = {
			isa = PBXNativeTarget;
			buildConfigurationList = 4B09B1A426D062ED00A677FD /* Build configuration list for PBXNativeTarget "MoneyTrackerTests" */;
			buildPhases = (
				4B09B18926D062ED00A677FD /* Sources */,
				4B09B18A26D062ED00A677FD /* Frameworks */,
				4B09B18B26D062ED00A677FD /* Resources */,
			);
			buildRules = (
			);
			dependencies = (
				4B09B18F26D062ED00A677FD /* PBXTargetDependency */,
			);
			name = MoneyTrackerTests;
			productName = MoneyTrackerTests;
			productReference = 4B09B18D26D062ED00A677FD /* MoneyTrackerTests.xctest */;
			productType = "com.apple.product-type.bundle.unit-test";
		};
		4B09B19726D062ED00A677FD /* MoneyTrackerUITests */ = {
			isa = PBXNativeTarget;
			buildConfigurationList = 4B09B1A726D062ED00A677FD /* Build configuration list for PBXNativeTarget "MoneyTrackerUITests" */;
			buildPhases = (
				4B09B19426D062ED00A677FD /* Sources */,
				4B09B19526D062ED00A677FD /* Frameworks */,
				4B09B19626D062ED00A677FD /* Resources */,
			);
			buildRules = (
			);
			dependencies = (
				4B09B19A26D062ED00A677FD /* PBXTargetDependency */,
			);
			name = MoneyTrackerUITests;
			productName = MoneyTrackerUITests;
			productReference = 4B09B19826D062ED00A677FD /* MoneyTrackerUITests.xctest */;
			productType = "com.apple.product-type.bundle.ui-testing";
		};
/* End PBXNativeTarget section */

/* Begin PBXProject section */
		4B09B16C26D062EB00A677FD /* Project object */ = {
			isa = PBXProject;
			attributes = {
				LastSwiftUpdateCheck = 1250;
				LastUpgradeCheck = 1250;
				TargetAttributes = {
					4B09B17326D062EB00A677FD = {
						CreatedOnToolsVersion = 12.5.1;
					};
					4B09B18C26D062ED00A677FD = {
						CreatedOnToolsVersion = 12.5.1;
						TestTargetID = 4B09B17326D062EB00A677FD;
					};
					4B09B19726D062ED00A677FD = {
						CreatedOnToolsVersion = 12.5.1;
						TestTargetID = 4B09B17326D062EB00A677FD;
					};
				};
			};
			buildConfigurationList = 4B09B16F26D062EB00A677FD /* Build configuration list for PBXProject "MoneyTracker" */;
			compatibilityVersion = "Xcode 9.3";
			developmentRegion = en;
			hasScannedForEncodings = 0;
			knownRegions = (
				en,
				Base,
			);
			mainGroup = 4B09B16B26D062EB00A677FD;
			productRefGroup = 4B09B17526D062EB00A677FD /* Products */;
			projectDirPath = "";
			projectRoot = "";
			targets = (
				4B09B17326D062EB00A677FD /* MoneyTracker */,
				4B09B18C26D062ED00A677FD /* MoneyTrackerTests */,
				4B09B19726D062ED00A677FD /* MoneyTrackerUITests */,
			);
		};
/* End PBXProject section */

/* Begin PBXResourcesBuildPhase section */
		4B09B17226D062EB00A677FD /* Resources */ = {
			isa = PBXResourcesBuildPhase;
			buildActionMask = 2147483647;
			files = (
				4B09B18726D062ED00A677FD /* LaunchScreen.storyboard in Resources */,
				4B09B18426D062ED00A677FD /* Preview Assets.xcassets in Resources */,
				4B09B18126D062ED00A677FD /* Assets.xcassets in Resources */,
			);
			runOnlyForDeploymentPostprocessing = 0;
		};
		4B09B18B26D062ED00A677FD /* Resources */ = {
			isa = PBXResourcesBuildPhase;
			buildActionMask = 2147483647;
			files = (
			);
			runOnlyForDeploymentPostprocessing = 0;
		};
		4B09B19626D062ED00A677FD /* Resources */ = {
			isa = PBXResourcesBuildPhase;
			buildActionMask = 2147483647;
			files = (
			);
			runOnlyForDeploymentPostprocessing = 0;
		};
/* End PBXResourcesBuildPhase section */

/* Begin PBXSourcesBuildPhase section */
		4B09B17026D062EB00A677FD /* Sources */ = {
			isa = PBXSourcesBuildPhase;
			buildActionMask = 2147483647;
			files = (
				4B09B17826D062EB00A677FD /* AppDelegate.swift in Sources */,
				4B09B17F26D062EB00A677FD /* MoneyTracker.xcdatamodeld in Sources */,
				4B6720842A7460340078EBA2 /* SwiftUIView.swift in Sources */,
				4B09B17A26D062EB00A677FD /* SceneDelegate.swift in Sources */,
				4B09B1AC26D08A8400A677FD /* MainView.swift in Sources */,
				4B09B17C26D062EB00A677FD /* ContentView.swift in Sources */,
			);
			runOnlyForDeploymentPostprocessing = 0;
		};
		4B09B18926D062ED00A677FD /* Sources */ = {
			isa = PBXSourcesBuildPhase;
			buildActionMask = 2147483647;
			files = (
				4B6720852A7460340078EBA2 /* SwiftUIView.swift in Sources */,
				4B09B19226D062ED00A677FD /* MoneyTrackerTests.swift in Sources */,
			);
			runOnlyForDeploymentPostprocessing = 0;
		};
		4B09B19426D062ED00A677FD /* Sources */ = {
			isa = PBXSourcesBuildPhase;
			buildActionMask = 2147483647;
			files = (
				4B6720862A7460340078EBA2 /* SwiftUIView.swift in Sources */,
				4B09B19D26D062ED00A677FD /* MoneyTrackerUITests.swift in Sources */,
			);
			runOnlyForDeploymentPostprocessing = 0;
		};
/* End PBXSourcesBuildPhase section */

/* Begin PBXTargetDependency section */
		4B09B18F26D062ED00A677FD /* PBXTargetDependency */ = {
			isa = PBXTargetDependency;
			target = 4B09B17326D062EB00A677FD /* MoneyTracker */;
			targetProxy = 4B09B18E26D062ED00A677FD /* PBXContainerItemProxy */;
		};
		4B09B19A26D062ED00A677FD /* PBXTargetDependency */ = {
			isa = PBXTargetDependency;
			target = 4B09B17326D062EB00A677FD /* MoneyTracker */;
			targetProxy = 4B09B19926D062ED00A677FD /* PBXContainerItemProxy */;
		};
/* End PBXTargetDependency section */

/* Begin PBXVariantGroup section */
		4B09B18526D062ED00A677FD /* LaunchScreen.storyboard */ = {
			isa = PBXVariantGroup;
			children = (
				4B09B18626D062ED00A677FD /* Base */,
			);
			name = LaunchScreen.storyboard;
			sourceTree = "<group>";
		};
/* End PBXVariantGroup section */

/* Begin XCBuildConfiguration section */
		4B09B19F26D062ED00A677FD /* Debug */ = {
			isa = XCBuildConfiguration;
			buildSettings = {
				ALWAYS_SEARCH_USER_PATHS = NO;
				CLANG_ANALYZER_NONNULL = YES;
				CLANG_ANALYZER_NUMBER_OBJECT_CONVERSION = YES_AGGRESSIVE;
				CLANG_CXX_LANGUAGE_STANDARD = "gnu++14";
				CLANG_CXX_LIBRARY = "libc++";
				CLANG_ENABLE_MODULES = YES;
				CLANG_ENABLE_OBJC_ARC = YES;
				CLANG_ENABLE_OBJC_WEAK = YES;
				CLANG_WARN_BLOCK_CAPTURE_AUTORELEASING = YES;
				CLANG_WARN_BOOL_CONVERSION = YES;
				CLANG_WARN_COMMA = YES;
				CLANG_WARN_CONSTANT_CONVERSION = YES;
				CLANG_WARN_DEPRECATED_OBJC_IMPLEMENTATIONS = YES;
				CLANG_WARN_DIRECT_OBJC_ISA_USAGE = YES_ERROR;
				CLANG_WARN_DOCUMENTATION_COMMENTS = YES;
				CLANG_WARN_EMPTY_BODY = YES;
				CLANG_WARN_ENUM_CONVERSION = YES;
				CLANG_WARN_INFINITE_RECURSION = YES;
				CLANG_WARN_INT_CONVERSION = YES;
				CLANG_WARN_NON_LITERAL_NULL_CONVERSION = YES;
				CLANG_WARN_OBJC_IMPLICIT_RETAIN_SELF = YES;
				CLANG_WARN_OBJC_LITERAL_CONVERSION = YES;
				CLANG_WARN_OBJC_ROOT_CLASS = YES_ERROR;
				CLANG_WARN_QUOTED_INCLUDE_IN_FRAMEWORK_HEADER = YES;
				CLANG_WARN_RANGE_LOOP_ANALYSIS = YES;
				CLANG_WARN_STRICT_PROTOTYPES = YES;
				CLANG_WARN_SUSPICIOUS_MOVE = YES;
				CLANG_WARN_UNGUARDED_AVAILABILITY = YES_AGGRESSIVE;
				CLANG_WARN_UNREACHABLE_CODE = YES;
				CLANG_WARN__DUPLICATE_METHOD_MATCH = YES;
				COPY_PHASE_STRIP = NO;
				DEBUG_INFORMATION_FORMAT = dwarf;
				ENABLE_STRICT_OBJC_MSGSEND = YES;
				ENABLE_TESTABILITY = YES;
				GCC_C_LANGUAGE_STANDARD = gnu11;
				GCC_DYNAMIC_NO_PIC = NO;
				GCC_NO_COMMON_BLOCKS = YES;
				GCC_OPTIMIZATION_LEVEL = 0;
				GCC_PREPROCESSOR_DEFINITIONS = (
					"DEBUG=1",
					"$(inherited)",
				);
				GCC_WARN_64_TO_32_BIT_CONVERSION = YES;
				GCC_WARN_ABOUT_RETURN_TYPE = YES_ERROR;
				GCC_WARN_UNDECLARED_SELECTOR = YES;
				GCC_WARN_UNINITIALIZED_AUTOS = YES_AGGRESSIVE;
				GCC_WARN_UNUSED_FUNCTION = YES;
				GCC_WARN_UNUSED_VARIABLE = YES;
				IPHONEOS_DEPLOYMENT_TARGET = 14.5;
				MTL_ENABLE_DEBUG_INFO = INCLUDE_SOURCE;
				MTL_FAST_MATH = YES;
				ONLY_ACTIVE_ARCH = YES;
				SDKROOT = iphoneos;
				SWIFT_ACTIVE_COMPILATION_CONDITIONS = DEBUG;
				SWIFT_OPTIMIZATION_LEVEL = "-Onone";
			};
			name = Debug;
		};
		4B09B1A026D062ED00A677FD /* Release */ = {
			isa = XCBuildConfiguration;
			buildSettings = {
				ALWAYS_SEARCH_USER_PATHS = NO;
				CLANG_ANALYZER_NONNULL = YES;
				CLANG_ANALYZER_NUMBER_OBJECT_CONVERSION = YES_AGGRESSIVE;
				CLANG_CXX_LANGUAGE_STANDARD = "gnu++14";
				CLANG_CXX_LIBRARY = "libc++";
				CLANG_ENABLE_MODULES = YES;
				CLANG_ENABLE_OBJC_ARC = YES;
				CLANG_ENABLE_OBJC_WEAK = YES;
				CLANG_WARN_BLOCK_CAPTURE_AUTORELEASING = YES;
				CLANG_WARN_BOOL_CONVERSION = YES;
				CLANG_WARN_COMMA = YES;
				CLANG_WARN_CONSTANT_CONVERSION = YES;
				CLANG_WARN_DEPRECATED_OBJC_IMPLEMENTATIONS = YES;
				CLANG_WARN_DIRECT_OBJC_ISA_USAGE = YES_ERROR;
				CLANG_WARN_DOCUMENTATION_COMMENTS = YES;
				CLANG_WARN_EMPTY_BODY = YES;
				CLANG_WARN_ENUM_CONVERSION = YES;
				CLANG_WARN_INFINITE_RECURSION = YES;
				CLANG_WARN_INT_CONVERSION = YES;
				CLANG_WARN_NON_LITERAL_NULL_CONVERSION = YES;
				CLANG_WARN_OBJC_IMPLICIT_RETAIN_SELF = YES;
				CLANG_WARN_OBJC_LITERAL_CONVERSION = YES;
				CLANG_WARN_OBJC_ROOT_CLASS = YES_ERROR;
				CLANG_WARN_QUOTED_INCLUDE_IN_FRAMEWORK_HEADER = YES;
				CLANG_WARN_RANGE_LOOP_ANALYSIS = YES;
				CLANG_WARN_STRICT_PROTOTYPES = YES;
				CLANG_WARN_SUSPICIOUS_MOVE = YES;
				CLANG_WARN_UNGUARDED_AVAILABILITY = YES_AGGRESSIVE;
				CLANG_WARN_UNREACHABLE_CODE = YES;
				CLANG_WARN__DUPLICATE_METHOD_MATCH = YES;
				COPY_PHASE_STRIP = NO;
				DEBUG_INFORMATION_FORMAT = "dwarf-with-dsym";
				ENABLE_NS_ASSERTIONS = NO;
				ENABLE_STRICT_OBJC_MSGSEND = YES;
				GCC_C_LANGUAGE_STANDARD = gnu11;
				GCC_NO_COMMON_BLOCKS = YES;
				GCC_WARN_64_TO_32_BIT_CONVERSION = YES;
				GCC_WARN_ABOUT_RETURN_TYPE = YES_ERROR;
				GCC_WARN_UNDECLARED_SELECTOR = YES;
				GCC_WARN_UNINITIALIZED_AUTOS = YES_AGGRESSIVE;
				GCC_WARN_UNUSED_FUNCTION = YES;
				GCC_WARN_UNUSED_VARIABLE = YES;
				IPHONEOS_DEPLOYMENT_TARGET = 14.5;
				MTL_ENABLE_DEBUG_INFO = NO;
				MTL_FAST_MATH = YES;
				SDKROOT = iphoneos;
				SWIFT_COMPILATION_MODE = wholemodule;
				SWIFT_OPTIMIZATION_LEVEL = "-O";
				VALIDATE_PRODUCT = YES;
			};
			name = Release;
		};
		4B09B1A226D062ED00A677FD /* Debug */ = {
			isa = XCBuildConfiguration;
			buildSettings = {
				ASSETCATALOG_COMPILER_APPICON_NAME = AppIcon;
				ASSETCATALOG_COMPILER_GLOBAL_ACCENT_COLOR_NAME = AccentColor;
				CODE_SIGN_STYLE = Automatic;
				DEVELOPMENT_ASSET_PATHS = "\"MoneyTracker/Preview Content\"";
				ENABLE_PREVIEWS = YES;
				INFOPLIST_FILE = MoneyTracker/Info.plist;
				LD_RUNPATH_SEARCH_PATHS = (
					"$(inherited)",
					"@executable_path/Frameworks",
				);
				PRODUCT_BUNDLE_IDENTIFIER = LBTA.MoneyTracker;
				PRODUCT_NAME = "$(TARGET_NAME)";
				SWIFT_VERSION = 5.0;
				TARGETED_DEVICE_FAMILY = "1,2";
			};
			name = Debug;
		};
		4B09B1A326D062ED00A677FD /* Release */ = {
			isa = XCBuildConfiguration;
			buildSettings = {
				ASSETCATALOG_COMPILER_APPICON_NAME = AppIcon;
				ASSETCATALOG_COMPILER_GLOBAL_ACCENT_COLOR_NAME = AccentColor;
				CODE_SIGN_STYLE = Automatic;
				DEVELOPMENT_ASSET_PATHS = "\"MoneyTracker/Preview Content\"";
				ENABLE_PREVIEWS = YES;
				INFOPLIST_FILE = MoneyTracker/Info.plist;
				LD_RUNPATH_SEARCH_PATHS = (
					"$(inherited)",
					"@executable_path/Frameworks",
				);
				PRODUCT_BUNDLE_IDENTIFIER = LBTA.MoneyTracker;
				PRODUCT_NAME = "$(TARGET_NAME)";
				SWIFT_VERSION = 5.0;
				TARGETED_DEVICE_FAMILY = "1,2";
			};
			name = Release;
		};
		4B09B1A526D062ED00A677FD /* Debug */ = {
			isa = XCBuildConfiguration;
			buildSettings = {
				ALWAYS_EMBED_SWIFT_STANDARD_LIBRARIES = YES;
				BUNDLE_LOADER = "$(TEST_HOST)";
				CODE_SIGN_STYLE = Automatic;
				INFOPLIST_FILE = MoneyTrackerTests/Info.plist;
				IPHONEOS_DEPLOYMENT_TARGET = 14.5;
				LD_RUNPATH_SEARCH_PATHS = (
					"$(inherited)",
					"@executable_path/Frameworks",
					"@loader_path/Frameworks",
				);
				PRODUCT_BUNDLE_IDENTIFIER = LBTA.MoneyTrackerTests;
				PRODUCT_NAME = "$(TARGET_NAME)";
				SWIFT_VERSION = 5.0;
				TARGETED_DEVICE_FAMILY = "1,2";
				TEST_HOST = "$(BUILT_PRODUCTS_DIR)/MoneyTracker.app/MoneyTracker";
			};
			name = Debug;
		};
		4B09B1A626D062ED00A677FD /* Release */ = {
			isa = XCBuildConfiguration;
			buildSettings = {
				ALWAYS_EMBED_SWIFT_STANDARD_LIBRARIES = YES;
				BUNDLE_LOADER = "$(TEST_HOST)";
				CODE_SIGN_STYLE = Automatic;
				INFOPLIST_FILE = MoneyTrackerTests/Info.plist;
				IPHONEOS_DEPLOYMENT_TARGET = 14.5;
				LD_RUNPATH_SEARCH_PATHS = (
					"$(inherited)",
					"@executable_path/Frameworks",
					"@loader_path/Frameworks",
				);
				PRODUCT_BUNDLE_IDENTIFIER = LBTA.MoneyTrackerTests;
				PRODUCT_NAME = "$(TARGET_NAME)";
				SWIFT_VERSION = 5.0;
				TARGETED_DEVICE_FAMILY = "1,2";
				TEST_HOST = "$(BUILT_PRODUCTS_DIR)/MoneyTracker.app/MoneyTracker";
			};
			name = Release;
		};
		4B09B1A826D062ED00A677FD /* Debug */ = {
			isa = XCBuildConfiguration;
			buildSettings = {
				ALWAYS_EMBED_SWIFT_STANDARD_LIBRARIES = YES;
				CODE_SIGN_STYLE = Automatic;
				INFOPLIST_FILE = MoneyTrackerUITests/Info.plist;
				LD_RUNPATH_SEARCH_PATHS = (
					"$(inherited)",
					"@executable_path/Frameworks",
					"@loader_path/Frameworks",
				);
				PRODUCT_BUNDLE_IDENTIFIER = LBTA.MoneyTrackerUITests;
				PRODUCT_NAME = "$(TARGET_NAME)";
				SWIFT_VERSION = 5.0;
				TARGETED_DEVICE_FAMILY = "1,2";
				TEST_TARGET_NAME = MoneyTracker;
			};
			name = Debug;
		};
		4B09B1A926D062ED00A677FD /* Release */ = {
			isa = XCBuildConfiguration;
			buildSettings = {
				ALWAYS_EMBED_SWIFT_STANDARD_LIBRARIES = YES;
				CODE_SIGN_STYLE = Automatic;
				INFOPLIST_FILE = MoneyTrackerUITests/Info.plist;
				LD_RUNPATH_SEARCH_PATHS = (
					"$(inherited)",
					"@executable_path/Frameworks",
					"@loader_path/Frameworks",
				);
				PRODUCT_BUNDLE_IDENTIFIER = LBTA.MoneyTrackerUITests;
				PRODUCT_NAME = "$(TARGET_NAME)";
				SWIFT_VERSION = 5.0;
				TARGETED_DEVICE_FAMILY = "1,2";
				TEST_TARGET_NAME = MoneyTracker;
			};
			name = Release;
		};
/* End XCBuildConfiguration section */

/* Begin XCConfigurationList section */
		4B09B16F26D062EB00A677FD /* Build configuration list for PBXProject "MoneyTracker" */ = {
			isa = XCConfigurationList;
			buildConfigurations = (
				4B09B19F26D062ED00A677FD /* Debug */,
				4B09B1A026D062ED00A677FD /* Release */,
			);
			defaultConfigurationIsVisible = 0;
			defaultConfigurationName = Release;
		};
		4B09B1A126D062ED00A677FD /* Build configuration list for PBXNativeTarget "MoneyTracker" */ = {
			isa = XCConfigurationList;
			buildConfigurations = (
				4B09B1A226D062ED00A677FD /* Debug */,
				4B09B1A326D062ED00A677FD /* Release */,
			);
			defaultConfigurationIsVisible = 0;
			defaultConfigurationName = Release;
		};
		4B09B1A426D062ED00A677FD /* Build configuration list for PBXNativeTarget "MoneyTrackerTests" */ = {
			isa = XCConfigurationList;
			buildConfigurations = (
				4B09B1A526D062ED00A677FD /* Debug */,
				4B09B1A626D062ED00A677FD /* Release */,
			);
			defaultConfigurationIsVisible = 0;
			defaultConfigurationName = Release;
		};
		4B09B1A726D062ED00A677FD /* Build configuration list for PBXNativeTarget "MoneyTrackerUITests" */ = {
			isa = XCConfigurationList;
			buildConfigurations = (
				4B09B1A826D062ED00A677FD /* Debug */,
				4B09B1A926D062ED00A677FD /* Release */,
			);
			defaultConfigurationIsVisible = 0;
			defaultConfigurationName = Release;
		};
/* End XCConfigurationList section */

/* Begin XCVersionGroup section */
		4B09B17D26D062EB00A677FD /* MoneyTracker.xcdatamodeld */ = {
			isa = XCVersionGroup;
			children = (
				4B09B17E26D062EB00A677FD /* MoneyTracker.xcdatamodel */,
			);
			currentVersion = 4B09B17E26D062EB00A677FD /* MoneyTracker.xcdatamodel */;
			path = MoneyTracker.xcdatamodeld;
			sourceTree = "<group>";
			versionGroupType = wrapper.xcdatamodel;
		};
/* End XCVersionGroup section */
	};
	rootObject = 4B09B16C26D062EB00A677FD /* Project object */;
}
